
Microsoft Visual Studio Solution File, Format Version 12.00
# Visual Studio Version 16
VisualStudioVersion = 25.0.1704.4
MinimumVisualStudioVersion = 10.0.40219.1
Project("{FAE04EC0-301F-11D3-BF4B-00C04F79EFBC}") = "ExTestes", "ExTestes\ExTestes.csproj", "{69F766EB-46F1-4217-BA9A-3C1227266101}"
EndProject
Project("{FAE04EC0-301F-11D3-BF4B-00C04F79EFBC}") = "Testes", "Testes\Testes.csproj", "{D8C3B0C5-DF2B-4A4E-B34F-1FBDF097017D}"
EndProject
Global
	GlobalSection(SolutionConfigurationPlatforms) = preSolution
		Debug|Any CPU = Debug|Any CPU
		Release|Any CPU = Release|Any CPU
	EndGlobalSection
	GlobalSection(ProjectConfigurationPlatforms) = postSolution
		{69F766EB-46F1-4217-BA9A-3C1227266101}.Debug|Any CPU.ActiveCfg = Debug|Any CPU
		{69F766EB-46F1-4217-BA9A-3C1227266101}.Debug|Any CPU.Build.0 = Debug|Any CPU
		{69F766EB-46F1-4217-BA9A-3C1227266101}.Release|Any CPU.ActiveCfg = Release|Any CPU
		{69F766EB-46F1-4217-BA9A-3C1227266101}.Release|Any CPU.Build.0 = Release|Any CPU
		{D8C3B0C5-DF2B-4A4E-B34F-1FBDF097017D}.Debug|Any CPU.ActiveCfg = Debug|Any CPU
		{D8C3B0C5-DF2B-4A4E-B34F-1FBDF097017D}.Debug|Any CPU.Build.0 = Debug|Any CPU
		{D8C3B0C5-DF2B-4A4E-B34F-1FBDF097017D}.Release|Any CPU.ActiveCfg = Release|Any CPU
		{D8C3B0C5-DF2B-4A4E-B34F-1FBDF097017D}.Release|Any CPU.Build.0 = Release|Any CPU
	EndGlobalSection
	GlobalSection(SolutionProperties) = preSolution
		HideSolutionNode = FALSE
	EndGlobalSection
	GlobalSection(ExtensibilityGlobals) = postSolution
		SolutionGuid = {322D0F6B-E9BC-4087-BAE0-BA5D414E63A1}
	EndGlobalSection
EndGlobal
